
Microsoft Visual Studio Solution File, Format Version 12.00
Project("{FAE04EC0-301F-11D3-BF4B-00C04F79EFBC}") = "ProstheticNoMissingBodyParts", "ProstheticNoMissingBodyParts.csproj", "{0CA4DD4E-EB71-4A52-ADEF-E1949E2D3D45}"
EndProject
Global
	GlobalSection(SolutionConfigurationPlatforms) = preSolution
		Debug|Any CPU = Debug|Any CPU
		Release|Any CPU = Release|Any CPU
	EndGlobalSection
	GlobalSection(ProjectConfigurationPlatforms) = postSolution
		{0CA4DD4E-EB71-4A52-ADEF-E1949E2D3D45}.Debug|Any CPU.ActiveCfg = Debug|Any CPU
		{0CA4DD4E-EB71-4A52-ADEF-E1949E2D3D45}.Debug|Any CPU.Build.0 = Debug|Any CPU
		{0CA4DD4E-EB71-4A52-ADEF-E1949E2D3D45}.Release|Any CPU.ActiveCfg = Release|Any CPU
		{0CA4DD4E-EB71-4A52-ADEF-E1949E2D3D45}.Release|Any CPU.Build.0 = Release|Any CPU
	EndGlobalSection
EndGlobal
